dependencies:
  espressif/mdns:
    component_hash: b679eafd0acae2066e2645bd91d073e33ca5be515e2545cd3c4e55a3e3bce3cb
    dependencies:
    - name: idf
      require: private
      version: '>=5.0'
    source:
      registry_url: https://components.espressif.com/
      type: service
    version: 1.13.1
  idf:
    source:
      type: idf
    version: 5.5.4
direct_dependencies:
- espressif/mdns
- idf
manifest_hash: 23d7cabd6f1bad7159c3ebaa24986e3044ee3b6a5937c92fe0118c38fb7fab46
target: esp32
version: 2.0.0
